{
  "name": "@pinkynrg/crew",
  "version": "1.0.9",
  "lockfileVersion": 3,
  "requires": true,
  "packages": {
    "": {
      "name": "@pinkynrg/crew",
      "version": "1.0.9",
      "license": "MIT",
      "bin": {
        "crew": "bin/crew.js"
      },
      "engines": {
        "node": ">=18"
      }
    }
  }
}
